// !$*UTF8*$!
{
	archiveVersion = 1;
	classes = {
	};
	objectVersion = 55;
	objects = {

/* Begin PBXBuildFile section */
		B562886C289C3247005B40A6 /* cake.usdz in Resources */ = {isa = PBXBuildFile; fileRef = B562886B289C3247005B40A6 /* cake.usdz */; };
		C3DB29992801FA3300FC3FFF /* AppDelegate.swift in Sources */ = {isa = PBXBuildFile; fileRef = C3DB29982801FA3300FC3FFF /* AppDelegate.swift */; };
		C3DB299B2801FA3300FC3FFF /* ContentView.swift in Sources */ = {isa = PBXBuildFile; fileRef = C3DB299A2801FA3300FC3FFF /* ContentView.swift */; };
		C3DB299D2801FA3300FC3FFF /* Experience.rcproject in Sources */ = {isa = PBXBuildFile; fileRef = C3DB299C2801FA3300FC3FFF /* Experience.rcproject */; };
		C3DB299F2801FA3500FC3FFF /* Assets.xcassets in Resources */ = {isa = PBXBuildFile; fileRef = C3DB299E2801FA3500FC3FFF /* Assets.xcassets */; };
		C3DB29A22801FA3500FC3FFF /* Preview Assets.xcassets in Resources */ = {isa = PBXBuildFile; fileRef = C3DB29A12801FA3500FC3FFF /* Preview Assets.xcassets */; };
		C3DB29A92801FC5900FC3FFF /* MultipeerSession.swift in Sources */ = {isa = PBXBuildFile; fileRef = C3DB29A82801FC5900FC3FFF /* MultipeerSession.swift */; };
		C3DB29AB2801FDC100FC3FFF /* ARViewModel.swift in Sources */ = {isa = PBXBuildFile; fileRef = C3DB29AA2801FDC100FC3FFF /* ARViewModel.swift */; };
		C3DB29AE2802D19700FC3FFF /* toy_drummer.usdz in Resources */ = {isa = PBXBuildFile; fileRef = C3DB29AD2802D19700FC3FFF /* toy_drummer.usdz */; };
/* End PBXBuildFile section */

/* Begin PBXFileReference section */
		B562886B289C3247005B40A6 /* cake.usdz */ = {isa = PBXFileReference; lastKnownFileType = file.usdz; path = cake.usdz; sourceTree = "<group>"; };
		C3DB29952801FA3300FC3FFF /* ARCollaboration.app */ = {isa = PBXFileReference; explicitFileType = wrapper.application; includeInIndex = 0; path = ARCollaboration.app; sourceTree = BUILT_PRODUCTS_DIR; };
		C3DB29982801FA3300FC3FFF /* AppDelegate.swift */ = {isa = PBXFileReference; lastKnownFileType = sourcecode.swift; path = AppDelegate.swift; sourceTree = "<group>"; };
		C3DB299A2801FA3300FC3FFF /* ContentView.swift */ = {isa = PBXFileReference; lastKnownFileType = sourcecode.swift; path = ContentView.swift; sourceTree = "<group>"; };
		C3DB299C2801FA3300FC3FFF /* Experience.rcproject */ = {isa = PBXFileReference; lastKnownFileType = file.rcproject; path = Experience.rcproject; sourceTree = "<group>"; };
		C3DB299E2801FA3500FC3FFF /* Assets.xcassets */ = {isa = PBXFileReference; lastKnownFileType = folder.assetcatalog; path = Assets.xcassets; sourceTree = "<group>"; };
		C3DB29A12801FA3500FC3FFF /* Preview Assets.xcassets */ = {isa = PBXFileReference; lastKnownFileType = folder.assetcatalog; path = "Preview Assets.xcassets"; sourceTree = "<group>"; };
		C3DB29A82801FC5900FC3FFF /* MultipeerSession.swift */ = {isa = PBXFileReference; lastKnownFileType = sourcecode.swift; path = MultipeerSession.swift; sourceTree = "<group>"; };
		C3DB29AA2801FDC100FC3FFF /* ARViewModel.swift */ = {isa = PBXFileReference; lastKnownFileType = sourcecode.swift; path = ARViewModel.swift; sourceTree = "<group>"; };
		C3DB29AD2802D19700FC3FFF /* toy_drummer.usdz */ = {isa = PBXFileReference; lastKnownFileType = file.usdz; path = toy_drummer.usdz; sourceTree = "<group>"; };
/* End PBXFileReference section */

/* Begin PBXFrameworksBuildPhase section */
		C3DB29922801FA3300FC3FFF /* Frameworks */ = {
			isa = PBXFrameworksBuildPhase;
			buildActionMask = 2147483647;
			files = (
			);
			runOnlyForDeploymentPostprocessing = 0;
		};
/* End PBXFrameworksBuildPhase section */

/* Begin PBXGroup section */
		C3DB298C2801FA3300FC3FFF = {
			isa = PBXGroup;
			children = (
				C3DB29972801FA3300FC3FFF /* ARCollaboration */,
				C3DB29962801FA3300FC3FFF /* Products */,
			);
			sourceTree = "<group>";
		};
		C3DB29962801FA3300FC3FFF /* Products */ = {
			isa = PBXGroup;
			children = (
				C3DB29952801FA3300FC3FFF /* ARCollaboration.app */,
			);
			name = Products;
			sourceTree = "<group>";
		};
		C3DB29972801FA3300FC3FFF /* ARCollaboration */ = {
			isa = PBXGroup;
			children = (
				C3DB29AC2802CAD700FC3FFF /* Objects */,
				C3DB29982801FA3300FC3FFF /* AppDelegate.swift */,
				C3DB299A2801FA3300FC3FFF /* ContentView.swift */,
				C3DB29AA2801FDC100FC3FFF /* ARViewModel.swift */,
				C3DB29A82801FC5900FC3FFF /* MultipeerSession.swift */,
				C3DB299C2801FA3300FC3FFF /* Experience.rcproject */,
				C3DB299E2801FA3500FC3FFF /* Assets.xcassets */,
				C3DB29A02801FA3500FC3FFF /* Preview Content */,
			);
			path = ARCollaboration;
			sourceTree = "<group>";
		};
		C3DB29A02801FA3500FC3FFF /* Preview Content */ = {
			isa = PBXGroup;
			children = (
				C3DB29A12801FA3500FC3FFF /* Preview Assets.xcassets */,
			);
			path = "Preview Content";
			sourceTree = "<group>";
		};
		C3DB29AC2802CAD700FC3FFF /* Objects */ = {
			isa = PBXGroup;
			children = (
				B562886B289C3247005B40A6 /* cake.usdz */,
				C3DB29AD2802D19700FC3FFF /* toy_drummer.usdz */,
			);
			path = Objects;
			sourceTree = "<group>";
		};
/* End PBXGroup section */

/* Begin PBXNativeTarget section */
		C3DB29942801FA3300FC3FFF /* ARCollaboration */ = {
			isa = PBXNativeTarget;
			buildConfigurationList = C3DB29A52801FA3500FC3FFF /* Build configuration list for PBXNativeTarget "ARCollaboration" */;
			buildPhases = (
				C3DB29912801FA3300FC3FFF /* Sources */,
				C3DB29922801FA3300FC3FFF /* Frameworks */,
				C3DB29932801FA3300FC3FFF /* Resources */,
			);
			buildRules = (
			);
			dependencies = (
			);
			name = ARCollaboration;
			productName = ARCollaboration;
			productReference = C3DB29952801FA3300FC3FFF /* ARCollaboration.app */;
			productType = "com.apple.product-type.application";
		};
/* End PBXNativeTarget section */

/* Begin PBXProject section */
		C3DB298D2801FA3300FC3FFF /* Project object */ = {
			isa = PBXProject;
			attributes = {
				BuildIndependentTargetsInParallel = 1;
				LastSwiftUpdateCheck = 1330;
				LastUpgradeCheck = 1330;
				TargetAttributes = {
					C3DB29942801FA3300FC3FFF = {
						CreatedOnToolsVersion = 13.3;
					};
				};
			};
			buildConfigurationList = C3DB29902801FA3300FC3FFF /* Build configuration list for PBXProject "ARCollaboration" */;
			compatibilityVersion = "Xcode 13.0";
			developmentRegion = en;
			hasScannedForEncodings = 0;
			knownRegions = (
				en,
				Base,
			);
			mainGroup = C3DB298C2801FA3300FC3FFF;
			productRefGroup = C3DB29962801FA3300FC3FFF /* Products */;
			projectDirPath = "";
			projectRoot = "";
			targets = (
				C3DB29942801FA3300FC3FFF /* ARCollaboration */,
			);
		};
/* End PBXProject section */

/* Begin PBXResourcesBuildPhase section */
		C3DB29932801FA3300FC3FFF /* Resources */ = {
			isa = PBXResourcesBuildPhase;
			buildActionMask = 2147483647;
			files = (
				C3DB29A22801FA3500FC3FFF /* Preview Assets.xcassets in Resources */,
				B562886C289C3247005B40A6 /* cake.usdz in Resources */,
				C3DB299F2801FA3500FC3FFF /* Assets.xcassets in Resources */,
				C3DB29AE2802D19700FC3FFF /* toy_drummer.usdz in Resources */,
			);
			runOnlyForDeploymentPostprocessing = 0;
		};
/* End PBXResourcesBuildPhase section */

/* Begin PBXSourcesBuildPhase section */
		C3DB29912801FA3300FC3FFF /* Sources */ = {
			isa = PBXSourcesBuildPhase;
			buildActionMask = 2147483647;
			files = (
				C3DB29AB2801FDC100FC3FFF /* ARViewModel.swift in Sources */,
				C3DB29A92801FC5900FC3FFF /* MultipeerSession.swift in Sources */,
				C3DB299B2801FA3300FC3FFF /* ContentView.swift in Sources */,
				C3DB29992801FA3300FC3FFF /* AppDelegate.swift in Sources */,
				C3DB299D2801FA3300FC3FFF /* Experience.rcproject in Sources */,
			);
			runOnlyForDeploymentPostprocessing = 0;
		};
/* End PBXSourcesBuildPhase section */

/* Begin XCBuildConfiguration section */
		C3DB29A32801FA3500FC3FFF /* Debug */ = {
			isa = XCBuildConfiguration;
			buildSettings = {
				ALWAYS_SEARCH_USER_PATHS = NO;
				CLANG_ANALYZER_NONNULL = YES;
				CLANG_ANALYZER_NUMBER_OBJECT_CONVERSION = YES_AGGRESSIVE;
				CLANG_CXX_LANGUAGE_STANDARD = "gnu++17";
				CLANG_ENABLE_MODULES = YES;
				CLANG_ENABLE_OBJC_ARC = YES;
				CLANG_ENABLE_OBJC_WEAK = YES;
				CLANG_WARN_BLOCK_CAPTURE_AUTORELEASING = YES;
				CLANG_WARN_BOOL_CONVERSION = YES;
				CLANG_WARN_COMMA = YES;
				CLANG_WARN_CONSTANT_CONVERSION = YES;
				CLANG_WARN_DEPRECATED_OBJC_IMPLEMENTATIONS = YES;
				CLANG_WARN_DIRECT_OBJC_ISA_USAGE = YES_ERROR;
				CLANG_WARN_DOCUMENTATION_COMMENTS = YES;
				CLANG_WARN_EMPTY_BODY = YES;
				CLANG_WARN_ENUM_CONVERSION = YES;
				CLANG_WARN_INFINITE_RECURSION = YES;
				CLANG_WARN_INT_CONVERSION = YES;
				CLANG_WARN_NON_LITERAL_NULL_CONVERSION = YES;
				CLANG_WARN_OBJC_IMPLICIT_RETAIN_SELF = YES;
				CLANG_WARN_OBJC_LITERAL_CONVERSION = YES;
				CLANG_WARN_OBJC_ROOT_CLASS = YES_ERROR;
				CLANG_WARN_QUOTED_INCLUDE_IN_FRAMEWORK_HEADER = YES;
				CLANG_WARN_RANGE_LOOP_ANALYSIS = YES;
				CLANG_WARN_STRICT_PROTOTYPES = YES;
				CLANG_WARN_SUSPICIOUS_MOVE = YES;
				CLANG_WARN_UNGUARDED_AVAILABILITY = YES_AGGRESSIVE;
				CLANG_WARN_UNREACHABLE_CODE = YES;
				CLANG_WARN__DUPLICATE_METHOD_MATCH = YES;
				COPY_PHASE_STRIP = NO;
				DEBUG_INFORMATION_FORMAT = dwarf;
				ENABLE_STRICT_OBJC_MSGSEND = YES;
				ENABLE_TESTABILITY = YES;
				GCC_C_LANGUAGE_STANDARD = gnu11;
				GCC_DYNAMIC_NO_PIC = NO;
				GCC_NO_COMMON_BLOCKS = YES;
				GCC_OPTIMIZATION_LEVEL = 0;
				GCC_PREPROCESSOR_DEFINITIONS = (
					"DEBUG=1",
					"$(inherited)",
				);
				GCC_WARN_64_TO_32_BIT_CONVERSION = YES;
				GCC_WARN_ABOUT_RETURN_TYPE = YES_ERROR;
				GCC_WARN_UNDECLARED_SELECTOR = YES;
				GCC_WARN_UNINITIALIZED_AUTOS = YES_AGGRESSIVE;
				GCC_WARN_UNUSED_FUNCTION = YES;
				GCC_WARN_UNUSED_VARIABLE = YES;
				IPHONEOS_DEPLOYMENT_TARGET = 15.4;
				MTL_ENABLE_DEBUG_INFO = INCLUDE_SOURCE;
				MTL_FAST_MATH = YES;
				ONLY_ACTIVE_ARCH = YES;
				SDKROOT = iphoneos;
				SWIFT_ACTIVE_COMPILATION_CONDITIONS = DEBUG;
				SWIFT_OPTIMIZATION_LEVEL = "-Onone";
			};
			name = Debug;
		};
		C3DB29A42801FA3500FC3FFF /* Release */ = {
			isa = XCBuildConfiguration;
			buildSettings = {
				ALWAYS_SEARCH_USER_PATHS = NO;
				CLANG_ANALYZER_NONNULL = YES;
				CLANG_ANALYZER_NUMBER_OBJECT_CONVERSION = YES_AGGRESSIVE;
				CLANG_CXX_LANGUAGE_STANDARD = "gnu++17";
				CLANG_ENABLE_MODULES = YES;
				CLANG_ENABLE_OBJC_ARC = YES;
				CLANG_ENABLE_OBJC_WEAK = YES;
				CLANG_WARN_BLOCK_CAPTURE_AUTORELEASING = YES;
				CLANG_WARN_BOOL_CONVERSION = YES;
				CLANG_WARN_COMMA = YES;
				CLANG_WARN_CONSTANT_CONVERSION = YES;
				CLANG_WARN_DEPRECATED_OBJC_IMPLEMENTATIONS = YES;
				CLANG_WARN_DIRECT_OBJC_ISA_USAGE = YES_ERROR;
				CLANG_WARN_DOCUMENTATION_COMMENTS = YES;
				CLANG_WARN_EMPTY_BODY = YES;
				CLANG_WARN_ENUM_CONVERSION = YES;
				CLANG_WARN_INFINITE_RECURSION = YES;
				CLANG_WARN_INT_CONVERSION = YES;
				CLANG_WARN_NON_LITERAL_NULL_CONVERSION = YES;
				CLANG_WARN_OBJC_IMPLICIT_RETAIN_SELF = YES;
				CLANG_WARN_OBJC_LITERAL_CONVERSION = YES;
				CLANG_WARN_OBJC_ROOT_CLASS = YES_ERROR;
				CLANG_WARN_QUOTED_INCLUDE_IN_FRAMEWORK_HEADER = YES;
				CLANG_WARN_RANGE_LOOP_ANALYSIS = YES;
				CLANG_WARN_STRICT_PROTOTYPES = YES;
				CLANG_WARN_SUSPICIOUS_MOVE = YES;
				CLANG_WARN_UNGUARDED_AVAILABILITY = YES_AGGRESSIVE;
				CLANG_WARN_UNREACHABLE_CODE = YES;
				CLANG_WARN__DUPLICATE_METHOD_MATCH = YES;
				COPY_PHASE_STRIP = NO;
				DEBUG_INFORMATION_FORMAT = "dwarf-with-dsym";
				ENABLE_NS_ASSERTIONS = NO;
				ENABLE_STRICT_OBJC_MSGSEND = YES;
				GCC_C_LANGUAGE_STANDARD = gnu11;
				GCC_NO_COMMON_BLOCKS = YES;
				GCC_WARN_64_TO_32_BIT_CONVERSION = YES;
				GCC_WARN_ABOUT_RETURN_TYPE = YES_ERROR;
				GCC_WARN_UNDECLARED_SELECTOR = YES;
				GCC_WARN_UNINITIALIZED_AUTOS = YES_AGGRESSIVE;
				GCC_WARN_UNUSED_FUNCTION = YES;
				GCC_WARN_UNUSED_VARIABLE = YES;
				IPHONEOS_DEPLOYMENT_TARGET = 15.4;
				MTL_ENABLE_DEBUG_INFO = NO;
				MTL_FAST_MATH = YES;
				SDKROOT = iphoneos;
				SWIFT_COMPILATION_MODE = wholemodule;
				SWIFT_OPTIMIZATION_LEVEL = "-O";
				VALIDATE_PRODUCT = YES;
			};
			name = Release;
		};
		C3DB29A62801FA3500FC3FFF /* Debug */ = {
			isa = XCBuildConfiguration;
			buildSettings = {
				ASSETCATALOG_COMPILER_APPICON_NAME = AppIcon;
				ASSETCATALOG_COMPILER_GLOBAL_ACCENT_COLOR_NAME = AccentColor;
				CODE_SIGN_STYLE = Automatic;
				CURRENT_PROJECT_VERSION = 1;
				DEVELOPMENT_ASSET_PATHS = "\"ARCollaboration/Preview Content\"";
				DEVELOPMENT_TEAM = 925K52UM4K;
				ENABLE_PREVIEWS = YES;
				GENERATE_INFOPLIST_FILE = YES;
				INFOPLIST_FILE = ARCollaboration/Info.plist;
				INFOPLIST_KEY_NSCameraUsageDescription = "";
				INFOPLIST_KEY_NSLocalNetworkUsageDescription = "Need to use local network for multipeer";
				INFOPLIST_KEY_UIApplicationSupportsIndirectInputEvents = YES;
				INFOPLIST_KEY_UILaunchScreen_Generation = YES;
				INFOPLIST_KEY_UIRequiredDeviceCapabilities = arkit;
				INFOPLIST_KEY_UIStatusBarHidden = YES;
				INFOPLIST_KEY_UISupportedInterfaceOrientations_iPad = "UIInterfaceOrientationPortrait UIInterfaceOrientationPortraitUpsideDown UIInterfaceOrientationLandscapeLeft UIInterfaceOrientationLandscapeRight";
				INFOPLIST_KEY_UISupportedInterfaceOrientations_iPhone = "UIInterfaceOrientationPortrait UIInterfaceOrientationLandscapeLeft UIInterfaceOrientationLandscapeRight";
				LD_RUNPATH_SEARCH_PATHS = (
					"$(inherited)",
					"@executable_path/Frameworks",
				);
				MARKETING_VERSION = 1.0;
				PRODUCT_BUNDLE_IDENTIFIER = tsmerda.ARCollaboration;
				PRODUCT_NAME = "$(TARGET_NAME)";
				SWIFT_EMIT_LOC_STRINGS = YES;
				SWIFT_VERSION = 5.0;
				TARGETED_DEVICE_FAMILY = "1,2";
			};
			name = Debug;
		};
		C3DB29A72801FA3500FC3FFF /* Release */ = {
			isa = XCBuildConfiguration;
			buildSettings = {
				ASSETCATALOG_COMPILER_APPICON_NAME = AppIcon;
				ASSETCATALOG_COMPILER_GLOBAL_ACCENT_COLOR_NAME = AccentColor;
				CODE_SIGN_STYLE = Automatic;
				CURRENT_PROJECT_VERSION = 1;
				DEVELOPMENT_ASSET_PATHS = "\"ARCollaboration/Preview Content\"";
				DEVELOPMENT_TEAM = 925K52UM4K;
				ENABLE_PREVIEWS = YES;
				GENERATE_INFOPLIST_FILE = YES;
				INFOPLIST_FILE = ARCollaboration/Info.plist;
				INFOPLIST_KEY_NSCameraUsageDescription = "";
				INFOPLIST_KEY_NSLocalNetworkUsageDescription = "Need to use local network for multipeer";
				INFOPLIST_KEY_UIApplicationSupportsIndirectInputEvents = YES;
				INFOPLIST_KEY_UILaunchScreen_Generation = YES;
				INFOPLIST_KEY_UIRequiredDeviceCapabilities = arkit;
				INFOPLIST_KEY_UIStatusBarHidden = YES;
				INFOPLIST_KEY_UISupportedInterfaceOrientations_iPad = "UIInterfaceOrientationPortrait UIInterfaceOrientationPortraitUpsideDown UIInterfaceOrientationLandscapeLeft UIInterfaceOrientationLandscapeRight";
				INFOPLIST_KEY_UISupportedInterfaceOrientations_iPhone = "UIInterfaceOrientationPortrait UIInterfaceOrientationLandscapeLeft UIInterfaceOrientationLandscapeRight";
				LD_RUNPATH_SEARCH_PATHS = (
					"$(inherited)",
					"@executable_path/Frameworks",
				);
				MARKETING_VERSION = 1.0;
				PRODUCT_BUNDLE_IDENTIFIER = tsmerda.ARCollaboration;
				PRODUCT_NAME = "$(TARGET_NAME)";
				SWIFT_EMIT_LOC_STRINGS = YES;
				SWIFT_VERSION = 5.0;
				TARGETED_DEVICE_FAMILY = "1,2";
			};
			name = Release;
		};
/* End XCBuildConfiguration section */

/* Begin XCConfigurationList section */
		C3DB29902801FA3300FC3FFF /* Build configuration list for PBXProject "ARCollaboration" */ = {
			isa = XCConfigurationList;
			buildConfigurations = (
				C3DB29A32801FA3500FC3FFF /* Debug */,
				C3DB29A42801FA3500FC3FFF /* Release */,
			);
			defaultConfigurationIsVisible = 0;
			defaultConfigurationName = Release;
		};
		C3DB29A52801FA3500FC3FFF /* Build configuration list for PBXNativeTarget "ARCollaboration" */ = {
			isa = XCConfigurationList;
			buildConfigurations = (
				C3DB29A62801FA3500FC3FFF /* Debug */,
				C3DB29A72801FA3500FC3FFF /* Release */,
			);
			defaultConfigurationIsVisible = 0;
			defaultConfigurationName = Release;
		};
/* End XCConfigurationList section */
	};
	rootObject = C3DB298D2801FA3300FC3FFF /* Project object */;
}
